// !$*UTF8*$!
{
	archiveVersion = 1;
	classes = {
	};
	objectVersion = 50;
	objects = {

/* Begin PBXBuildFile section */
		285C57A820AD6A9F00C57F03 /* LoginViewController.swift in Sources */ = {isa = PBXBuildFile; fileRef = 285C57A720AD6A9F00C57F03 /* LoginViewController.swift */; };
		285C57AA20AD6AC400C57F03 /* VerifyViewController.swift in Sources */ = {isa = PBXBuildFile; fileRef = 285C57A920AD6AC400C57F03 /* VerifyViewController.swift */; };
		285C57AC20AD6ACD00C57F03 /* HomepageViewController.swift in Sources */ = {isa = PBXBuildFile; fileRef = 285C57AB20AD6ACD00C57F03 /* HomepageViewController.swift */; };
		285C57AE20AD6AD500C57F03 /* SettingsViewController.swift in Sources */ = {isa = PBXBuildFile; fileRef = 285C57AD20AD6AD500C57F03 /* SettingsViewController.swift */; };
		285C57B020AD6AE800C57F03 /* TicketTransferRequestViewController.swift in Sources */ = {isa = PBXBuildFile; fileRef = 285C57AF20AD6AE800C57F03 /* TicketTransferRequestViewController.swift */; };
		285C57B220AD6AED00C57F03 /* TicketTransferConfirmationViewController.swift in Sources */ = {isa = PBXBuildFile; fileRef = 285C57B120AD6AED00C57F03 /* TicketTransferConfirmationViewController.swift */; };
		285C57B420AD6AF300C57F03 /* TeamCreateViewController.swift in Sources */ = {isa = PBXBuildFile; fileRef = 285C57B320AD6AF300C57F03 /* TeamCreateViewController.swift */; };
		285C57B620AD6AF900C57F03 /* TeamManageViewController.swift in Sources */ = {isa = PBXBuildFile; fileRef = 285C57B520AD6AF900C57F03 /* TeamManageViewController.swift */; };
		285C57B820AD6AFF00C57F03 /* FAQViewController.swift in Sources */ = {isa = PBXBuildFile; fileRef = 285C57B720AD6AFF00C57F03 /* FAQViewController.swift */; };
		285C57BB20B070C300C57F03 /* fonts in Resources */ = {isa = PBXBuildFile; fileRef = 285C57B920B051C800C57F03 /* fonts */; };
		6550A193209726F100068551 /* AppDelegate.swift in Sources */ = {isa = PBXBuildFile; fileRef = 6550A192209726F100068551 /* AppDelegate.swift */; };
		6550A198209726F100068551 /* Main.storyboard in Resources */ = {isa = PBXBuildFile; fileRef = 6550A196209726F100068551 /* Main.storyboard */; };
		6550A19A209726F400068551 /* Assets.xcassets in Resources */ = {isa = PBXBuildFile; fileRef = 6550A199209726F400068551 /* Assets.xcassets */; };
		6550A19D209726F400068551 /* LaunchScreen.storyboard in Resources */ = {isa = PBXBuildFile; fileRef = 6550A19B209726F400068551 /* LaunchScreen.storyboard */; };
		6550A1A8209726F400068551 /* Skilled_AcolyteTests.swift in Sources */ = {isa = PBXBuildFile; fileRef = 6550A1A7209726F400068551 /* Skilled_AcolyteTests.swift */; };
		65626F6320B841F5000AA4D0 /* Event.swift in Sources */ = {isa = PBXBuildFile; fileRef = 65626F6220B841F5000AA4D0 /* Event.swift */; };
		6571ED45209D935C0006F868 /* User.swift in Sources */ = {isa = PBXBuildFile; fileRef = 6571ED44209D935C0006F868 /* User.swift */; };
		6571ED47209D96750006F868 /* University.swift in Sources */ = {isa = PBXBuildFile; fileRef = 6571ED46209D96750006F868 /* University.swift */; };
		6571ED49209D96C20006F868 /* Ticket.swift in Sources */ = {isa = PBXBuildFile; fileRef = 6571ED48209D96C20006F868 /* Ticket.swift */; };
		6571ED4D209D9AAC0006F868 /* Team.swift in Sources */ = {isa = PBXBuildFile; fileRef = 6571ED4C209D9AAC0006F868 /* Team.swift */; };
		6571ED4F209D9B290006F868 /* Student.swift in Sources */ = {isa = PBXBuildFile; fileRef = 6571ED4E209D9B290006F868 /* Student.swift */; };
		6571ED53209D9CFB0006F868 /* Constants.swift in Sources */ = {isa = PBXBuildFile; fileRef = 6571ED52209D9CFB0006F868 /* Constants.swift */; };
		658CA0E920B14A9C000ABD30 /* Networking.swift in Sources */ = {isa = PBXBuildFile; fileRef = 658CA0E820B14A9C000ABD30 /* Networking.swift */; };
		65975C2920B9895100AC3C72 /* StudentDetailsViewController.swift in Sources */ = {isa = PBXBuildFile; fileRef = 65975C2820B9895100AC3C72 /* StudentDetailsViewController.swift */; };
		65975C2B20B98AA200AC3C72 /* Configuration.swift in Sources */ = {isa = PBXBuildFile; fileRef = 65975C2A20B98AA200AC3C72 /* Configuration.swift */; };
		65975C3020BA713000AC3C72 /* TicketsViewController.swift in Sources */ = {isa = PBXBuildFile; fileRef = 65975C2F20BA713000AC3C72 /* TicketsViewController.swift */; };
		65975C3220BA785300AC3C72 /* ManageTicketViewController.swift in Sources */ = {isa = PBXBuildFile; fileRef = 65975C3120BA785300AC3C72 /* ManageTicketViewController.swift */; };
		69351EE2EE82236D4E95FFD2 /* Pods_Skilled_AcolyteTests.framework in Frameworks */ = {isa = PBXBuildFile; fileRef = 1CE035CDBBC1C6EB03220DD9 /* Pods_Skilled_AcolyteTests.framework */; };
		FEAE71D434973A1AEDF45F98 /* Pods_Skilled_Acolyte.framework in Frameworks */ = {isa = PBXBuildFile; fileRef = BCE456CC97B1002EBFF52DC6 /* Pods_Skilled_Acolyte.framework */; };
/* End PBXBuildFile section */

/* Begin PBXContainerItemProxy section */
		6550A1A4209726F400068551 /* PBXContainerItemProxy */ = {
			isa = PBXContainerItemProxy;
			containerPortal = 6550A187209726F100068551 /* Project object */;
			proxyType = 1;
			remoteGlobalIDString = 6550A18E209726F100068551;
			remoteInfo = "Skilled Acolyte";
		};
/* End PBXContainerItemProxy section */

/* Begin PBXFileReference section */
		1CE035CDBBC1C6EB03220DD9 /* Pods_Skilled_AcolyteTests.framework */ = {isa = PBXFileReference; explicitFileType = wrapper.framework; includeInIndex = 0; path = Pods_Skilled_AcolyteTests.framework; sourceTree = BUILT_PRODUCTS_DIR; };
		285C57A720AD6A9F00C57F03 /* LoginViewController.swift */ = {isa = PBXFileReference; lastKnownFileType = sourcecode.swift; path = LoginViewController.swift; sourceTree = "<group>"; };
		285C57A920AD6AC400C57F03 /* VerifyViewController.swift */ = {isa = PBXFileReference; lastKnownFileType = sourcecode.swift; path = VerifyViewController.swift; sourceTree = "<group>"; };
		285C57AB20AD6ACD00C57F03 /* HomepageViewController.swift */ = {isa = PBXFileReference; lastKnownFileType = sourcecode.swift; path = HomepageViewController.swift; sourceTree = "<group>"; };
		285C57AD20AD6AD500C57F03 /* SettingsViewController.swift */ = {isa = PBXFileReference; lastKnownFileType = sourcecode.swift; path = SettingsViewController.swift; sourceTree = "<group>"; };
		285C57AF20AD6AE800C57F03 /* TicketTransferRequestViewController.swift */ = {isa = PBXFileReference; lastKnownFileType = sourcecode.swift; path = TicketTransferRequestViewController.swift; sourceTree = "<group>"; };
		285C57B120AD6AED00C57F03 /* TicketTransferConfirmationViewController.swift */ = {isa = PBXFileReference; lastKnownFileType = sourcecode.swift; path = TicketTransferConfirmationViewController.swift; sourceTree = "<group>"; };
		285C57B320AD6AF300C57F03 /* TeamCreateViewController.swift */ = {isa = PBXFileReference; lastKnownFileType = sourcecode.swift; path = TeamCreateViewController.swift; sourceTree = "<group>"; };
		285C57B520AD6AF900C57F03 /* TeamManageViewController.swift */ = {isa = PBXFileReference; lastKnownFileType = sourcecode.swift; path = TeamManageViewController.swift; sourceTree = "<group>"; };
		285C57B720AD6AFF00C57F03 /* FAQViewController.swift */ = {isa = PBXFileReference; lastKnownFileType = sourcecode.swift; path = FAQViewController.swift; sourceTree = "<group>"; };
		285C57B920B051C800C57F03 /* fonts */ = {isa = PBXFileReference; lastKnownFileType = folder; path = fonts; sourceTree = "<group>"; };
		6550A18F209726F100068551 /* Skilled Acolyte.app */ = {isa = PBXFileReference; explicitFileType = wrapper.application; includeInIndex = 0; path = "Skilled Acolyte.app"; sourceTree = BUILT_PRODUCTS_DIR; };
		6550A192209726F100068551 /* AppDelegate.swift */ = {isa = PBXFileReference; lastKnownFileType = sourcecode.swift; path = AppDelegate.swift; sourceTree = "<group>"; };
		6550A197209726F100068551 /* Base */ = {isa = PBXFileReference; lastKnownFileType = file.storyboard; name = Base; path = Base.lproj/Main.storyboard; sourceTree = "<group>"; };
		6550A199209726F400068551 /* Assets.xcassets */ = {isa = PBXFileReference; lastKnownFileType = folder.assetcatalog; path = Assets.xcassets; sourceTree = "<group>"; };
		6550A19C209726F400068551 /* Base */ = {isa = PBXFileReference; lastKnownFileType = file.storyboard; name = Base; path = Base.lproj/LaunchScreen.storyboard; sourceTree = "<group>"; };
		6550A19E209726F400068551 /* Info.plist */ = {isa = PBXFileReference; lastKnownFileType = text.plist.xml; path = Info.plist; sourceTree = "<group>"; };
		6550A1A3209726F400068551 /* Skilled AcolyteTests.xctest */ = {isa = PBXFileReference; explicitFileType = wrapper.cfbundle; includeInIndex = 0; path = "Skilled AcolyteTests.xctest"; sourceTree = BUILT_PRODUCTS_DIR; };
		6550A1A7209726F400068551 /* Skilled_AcolyteTests.swift */ = {isa = PBXFileReference; lastKnownFileType = sourcecode.swift; path = Skilled_AcolyteTests.swift; sourceTree = "<group>"; };
		6550A1A9209726F400068551 /* Info.plist */ = {isa = PBXFileReference; lastKnownFileType = text.plist.xml; path = Info.plist; sourceTree = "<group>"; };
		65626F6220B841F5000AA4D0 /* Event.swift */ = {isa = PBXFileReference; lastKnownFileType = sourcecode.swift; path = Event.swift; sourceTree = "<group>"; };
		6571ED44209D935C0006F868 /* User.swift */ = {isa = PBXFileReference; lastKnownFileType = sourcecode.swift; path = User.swift; sourceTree = "<group>"; };
		6571ED46209D96750006F868 /* University.swift */ = {isa = PBXFileReference; lastKnownFileType = sourcecode.swift; path = University.swift; sourceTree = "<group>"; };
		6571ED48209D96C20006F868 /* Ticket.swift */ = {isa = PBXFileReference; lastKnownFileType = sourcecode.swift; path = Ticket.swift; sourceTree = "<group>"; };
		6571ED4C209D9AAC0006F868 /* Team.swift */ = {isa = PBXFileReference; lastKnownFileType = sourcecode.swift; path = Team.swift; sourceTree = "<group>"; };
		6571ED4E209D9B290006F868 /* Student.swift */ = {isa = PBXFileReference; lastKnownFileType = sourcecode.swift; path = Student.swift; sourceTree = "<group>"; };
		6571ED52209D9CFB0006F868 /* Constants.swift */ = {isa = PBXFileReference; lastKnownFileType = sourcecode.swift; path = Constants.swift; sourceTree = "<group>"; };
		658CA0E820B14A9C000ABD30 /* Networking.swift */ = {isa = PBXFileReference; lastKnownFileType = sourcecode.swift; path = Networking.swift; sourceTree = "<group>"; };
		65975C2820B9895100AC3C72 /* StudentDetailsViewController.swift */ = {isa = PBXFileReference; lastKnownFileType = sourcecode.swift; path = StudentDetailsViewController.swift; sourceTree = "<group>"; };
		65975C2A20B98AA200AC3C72 /* Configuration.swift */ = {isa = PBXFileReference; lastKnownFileType = sourcecode.swift; path = Configuration.swift; sourceTree = "<group>"; };
		65975C2F20BA713000AC3C72 /* TicketsViewController.swift */ = {isa = PBXFileReference; lastKnownFileType = sourcecode.swift; path = TicketsViewController.swift; sourceTree = "<group>"; };
		65975C3120BA785300AC3C72 /* ManageTicketViewController.swift */ = {isa = PBXFileReference; lastKnownFileType = sourcecode.swift; path = ManageTicketViewController.swift; sourceTree = "<group>"; };
		91375948ACB4BC448A9E8E3F /* Pods-Skilled Acolyte.debug.xcconfig */ = {isa = PBXFileReference; includeInIndex = 1; lastKnownFileType = text.xcconfig; name = "Pods-Skilled Acolyte.debug.xcconfig"; path = "Pods/Target Support Files/Pods-Skilled Acolyte/Pods-Skilled Acolyte.debug.xcconfig"; sourceTree = "<group>"; };
		BCE456CC97B1002EBFF52DC6 /* Pods_Skilled_Acolyte.framework */ = {isa = PBXFileReference; explicitFileType = wrapper.framework; includeInIndex = 0; path = Pods_Skilled_Acolyte.framework; sourceTree = BUILT_PRODUCTS_DIR; };
		EC162C8D08B7378C032617B0 /* Pods-Skilled Acolyte.release.xcconfig */ = {isa = PBXFileReference; includeInIndex = 1; lastKnownFileType = text.xcconfig; name = "Pods-Skilled Acolyte.release.xcconfig"; path = "Pods/Target Support Files/Pods-Skilled Acolyte/Pods-Skilled Acolyte.release.xcconfig"; sourceTree = "<group>"; };
		F21C187EDDE5725A4BA6A8C8 /* Pods-Skilled AcolyteTests.debug.xcconfig */ = {isa = PBXFileReference; includeInIndex = 1; lastKnownFileType = text.xcconfig; name = "Pods-Skilled AcolyteTests.debug.xcconfig"; path = "Pods/Target Support Files/Pods-Skilled AcolyteTests/Pods-Skilled AcolyteTests.debug.xcconfig"; sourceTree = "<group>"; };
		F3BC6ADE0E0A6B239D02DEA9 /* Pods-Skilled AcolyteTests.release.xcconfig */ = {isa = PBXFileReference; includeInIndex = 1; lastKnownFileType = text.xcconfig; name = "Pods-Skilled AcolyteTests.release.xcconfig"; path = "Pods/Target Support Files/Pods-Skilled AcolyteTests/Pods-Skilled AcolyteTests.release.xcconfig"; sourceTree = "<group>"; };
/* End PBXFileReference section */

/* Begin PBXFrameworksBuildPhase section */
		6550A18C209726F100068551 /* Frameworks */ = {
			isa = PBXFrameworksBuildPhase;
			buildActionMask = 2147483647;
			files = (
				FEAE71D434973A1AEDF45F98 /* Pods_Skilled_Acolyte.framework in Frameworks */,
			);
			runOnlyForDeploymentPostprocessing = 0;
		};
		6550A1A0209726F400068551 /* Frameworks */ = {
			isa = PBXFrameworksBuildPhase;
			buildActionMask = 2147483647;
			files = (
				69351EE2EE82236D4E95FFD2 /* Pods_Skilled_AcolyteTests.framework in Frameworks */,
			);
			runOnlyForDeploymentPostprocessing = 0;
		};
/* End PBXFrameworksBuildPhase section */

/* Begin PBXGroup section */
		510FCD31B0D4D0D26B9C7C7A /* Pods */ = {
			isa = PBXGroup;
			children = (
				91375948ACB4BC448A9E8E3F /* Pods-Skilled Acolyte.debug.xcconfig */,
				EC162C8D08B7378C032617B0 /* Pods-Skilled Acolyte.release.xcconfig */,
				F21C187EDDE5725A4BA6A8C8 /* Pods-Skilled AcolyteTests.debug.xcconfig */,
				F3BC6ADE0E0A6B239D02DEA9 /* Pods-Skilled AcolyteTests.release.xcconfig */,
			);
			name = Pods;
			sourceTree = "<group>";
		};
		6550A186209726F100068551 = {
			isa = PBXGroup;
			children = (
				6550A191209726F100068551 /* Skilled Acolyte */,
				6550A1A6209726F400068551 /* Skilled AcolyteTests */,
				6550A190209726F100068551 /* Products */,
				510FCD31B0D4D0D26B9C7C7A /* Pods */,
				9539972B2AAB8F7B38D72F37 /* Frameworks */,
			);
			sourceTree = "<group>";
		};
		6550A190209726F100068551 /* Products */ = {
			isa = PBXGroup;
			children = (
				6550A18F209726F100068551 /* Skilled Acolyte.app */,
				6550A1A3209726F400068551 /* Skilled AcolyteTests.xctest */,
			);
			name = Products;
			sourceTree = "<group>";
		};
		6550A191209726F100068551 /* Skilled Acolyte */ = {
			isa = PBXGroup;
			children = (
				6550A192209726F100068551 /* AppDelegate.swift */,
				658CA0E820B14A9C000ABD30 /* Networking.swift */,
				6571ED52209D9CFB0006F868 /* Constants.swift */,
				65975C2A20B98AA200AC3C72 /* Configuration.swift */,
				6571ED42209D932D0006F868 /* ViewControllers */,
				6571ED43209D933A0006F868 /* Models */,
				6550A196209726F100068551 /* Main.storyboard */,
				285C57B920B051C800C57F03 /* fonts */,
				6550A199209726F400068551 /* Assets.xcassets */,
				6550A19B209726F400068551 /* LaunchScreen.storyboard */,
				6550A19E209726F400068551 /* Info.plist */,
			);
			path = "Skilled Acolyte";
			sourceTree = "<group>";
		};
		6550A1A6209726F400068551 /* Skilled AcolyteTests */ = {
			isa = PBXGroup;
			children = (
				6550A1A7209726F400068551 /* Skilled_AcolyteTests.swift */,
				6550A1A9209726F400068551 /* Info.plist */,
			);
			path = "Skilled AcolyteTests";
			sourceTree = "<group>";
		};
		6571ED42209D932D0006F868 /* ViewControllers */ = {
			isa = PBXGroup;
			children = (
				65975C2C20BA70E800AC3C72 /* Login */,
				285C57AB20AD6ACD00C57F03 /* HomepageViewController.swift */,
				65975C2D20BA710D00AC3C72 /* Ticket */,
				65975C2E20BA711500AC3C72 /* Team */,
				285C57AD20AD6AD500C57F03 /* SettingsViewController.swift */,
				285C57B720AD6AFF00C57F03 /* FAQViewController.swift */,
			);
			path = ViewControllers;
			sourceTree = "<group>";
		};
		6571ED43209D933A0006F868 /* Models */ = {
			isa = PBXGroup;
			children = (
				6571ED44209D935C0006F868 /* User.swift */,
				6571ED46209D96750006F868 /* University.swift */,
				6571ED48209D96C20006F868 /* Ticket.swift */,
				6571ED4C209D9AAC0006F868 /* Team.swift */,
				6571ED4E209D9B290006F868 /* Student.swift */,
				65626F6220B841F5000AA4D0 /* Event.swift */,
			);
			path = Models;
			sourceTree = "<group>";
		};
		65975C2C20BA70E800AC3C72 /* Login */ = {
			isa = PBXGroup;
			children = (
				285C57A720AD6A9F00C57F03 /* LoginViewController.swift */,
				285C57A920AD6AC400C57F03 /* VerifyViewController.swift */,
				65975C2820B9895100AC3C72 /* StudentDetailsViewController.swift */,
			);
			path = Login;
			sourceTree = "<group>";
		};
		65975C2D20BA710D00AC3C72 /* Ticket */ = {
			isa = PBXGroup;
			children = (
				65975C3120BA785300AC3C72 /* ManageTicketViewController.swift */,
				65975C2F20BA713000AC3C72 /* TicketsViewController.swift */,
				285C57AF20AD6AE800C57F03 /* TicketTransferRequestViewController.swift */,
				285C57B120AD6AED00C57F03 /* TicketTransferConfirmationViewController.swift */,
			);
			path = Ticket;
			sourceTree = "<group>";
		};
		65975C2E20BA711500AC3C72 /* Team */ = {
			isa = PBXGroup;
			children = (
				285C57B320AD6AF300C57F03 /* TeamCreateViewController.swift */,
				285C57B520AD6AF900C57F03 /* TeamManageViewController.swift */,
			);
			path = Team;
			sourceTree = "<group>";
		};
		9539972B2AAB8F7B38D72F37 /* Frameworks */ = {
			isa = PBXGroup;
			children = (
				BCE456CC97B1002EBFF52DC6 /* Pods_Skilled_Acolyte.framework */,
				1CE035CDBBC1C6EB03220DD9 /* Pods_Skilled_AcolyteTests.framework */,
			);
			name = Frameworks;
			sourceTree = "<group>";
		};
/* End PBXGroup section */

/* Begin PBXNativeTarget section */
		6550A18E209726F100068551 /* Skilled Acolyte */ = {
			isa = PBXNativeTarget;
			buildConfigurationList = 6550A1AC209726F400068551 /* Build configuration list for PBXNativeTarget "Skilled Acolyte" */;
			buildPhases = (
				41EBFDE17AADFA71543C070F /* [CP] Check Pods Manifest.lock */,
				6550A18B209726F100068551 /* Sources */,
				6550A18C209726F100068551 /* Frameworks */,
				6550A18D209726F100068551 /* Resources */,
				D44C20D36E73ED047772F47A /* [CP] Embed Pods Frameworks */,
			);
			buildRules = (
			);
			dependencies = (
			);
			name = "Skilled Acolyte";
			productName = "Skilled Acolyte";
			productReference = 6550A18F209726F100068551 /* Skilled Acolyte.app */;
			productType = "com.apple.product-type.application";
		};
		6550A1A2209726F400068551 /* Skilled AcolyteTests */ = {
			isa = PBXNativeTarget;
			buildConfigurationList = 6550A1AF209726F400068551 /* Build configuration list for PBXNativeTarget "Skilled AcolyteTests" */;
			buildPhases = (
				52000FB00FB7648D6C8DA631 /* [CP] Check Pods Manifest.lock */,
				6550A19F209726F400068551 /* Sources */,
				6550A1A0209726F400068551 /* Frameworks */,
				6550A1A1209726F400068551 /* Resources */,
				21B49FD0F7C87FB08A67408C /* [CP] Embed Pods Frameworks */,
			);
			buildRules = (
			);
			dependencies = (
				6550A1A5209726F400068551 /* PBXTargetDependency */,
			);
			name = "Skilled AcolyteTests";
			productName = "Skilled AcolyteTests";
			productReference = 6550A1A3209726F400068551 /* Skilled AcolyteTests.xctest */;
			productType = "com.apple.product-type.bundle.unit-test";
		};
/* End PBXNativeTarget section */

/* Begin PBXProject section */
		6550A187209726F100068551 /* Project object */ = {
			isa = PBXProject;
			attributes = {
				LastSwiftUpdateCheck = 0930;
				LastUpgradeCheck = 0930;
				ORGANIZATIONNAME = "UNIHACK Inc";
				TargetAttributes = {
					6550A18E209726F100068551 = {
						CreatedOnToolsVersion = 9.3;
						LastSwiftMigration = 0930;
					};
					6550A1A2209726F400068551 = {
						CreatedOnToolsVersion = 9.3;
						TestTargetID = 6550A18E209726F100068551;
					};
				};
			};
			buildConfigurationList = 6550A18A209726F100068551 /* Build configuration list for PBXProject "Skilled Acolyte" */;
			compatibilityVersion = "Xcode 9.3";
			developmentRegion = en;
			hasScannedForEncodings = 0;
			knownRegions = (
				en,
				Base,
			);
			mainGroup = 6550A186209726F100068551;
			productRefGroup = 6550A190209726F100068551 /* Products */;
			projectDirPath = "";
			projectRoot = "";
			targets = (
				6550A18E209726F100068551 /* Skilled Acolyte */,
				6550A1A2209726F400068551 /* Skilled AcolyteTests */,
			);
		};
/* End PBXProject section */

/* Begin PBXResourcesBuildPhase section */
		6550A18D209726F100068551 /* Resources */ = {
			isa = PBXResourcesBuildPhase;
			buildActionMask = 2147483647;
			files = (
				285C57BB20B070C300C57F03 /* fonts in Resources */,
				6550A19D209726F400068551 /* LaunchScreen.storyboard in Resources */,
				6550A19A209726F400068551 /* Assets.xcassets in Resources */,
				6550A198209726F100068551 /* Main.storyboard in Resources */,
			);
			runOnlyForDeploymentPostprocessing = 0;
		};
		6550A1A1209726F400068551 /* Resources */ = {
			isa = PBXResourcesBuildPhase;
			buildActionMask = 2147483647;
			files = (
			);
			runOnlyForDeploymentPostprocessing = 0;
		};
/* End PBXResourcesBuildPhase section */

/* Begin PBXShellScriptBuildPhase section */
		21B49FD0F7C87FB08A67408C /* [CP] Embed Pods Frameworks */ = {
			isa = PBXShellScriptBuildPhase;
			buildActionMask = 2147483647;
			files = (
			);
			inputPaths = (
				"${SRCROOT}/Pods/Target Support Files/Pods-Skilled AcolyteTests/Pods-Skilled AcolyteTests-frameworks.sh",
				"${BUILT_PRODUCTS_DIR}/JWTDecode/JWTDecode.framework",
				"${BUILT_PRODUCTS_DIR}/SVProgressHUD/SVProgressHUD.framework",
				"${BUILT_PRODUCTS_DIR}/TPKeyboardAvoiding/TPKeyboardAvoiding.framework",
			);
			name = "[CP] Embed Pods Frameworks";
			outputPaths = (
				"${TARGET_BUILD_DIR}/${FRAMEWORKS_FOLDER_PATH}/JWTDecode.framework",
				"${TARGET_BUILD_DIR}/${FRAMEWORKS_FOLDER_PATH}/SVProgressHUD.framework",
				"${TARGET_BUILD_DIR}/${FRAMEWORKS_FOLDER_PATH}/TPKeyboardAvoiding.framework",
			);
			runOnlyForDeploymentPostprocessing = 0;
			shellPath = /bin/sh;
			shellScript = "\"${SRCROOT}/Pods/Target Support Files/Pods-Skilled AcolyteTests/Pods-Skilled AcolyteTests-frameworks.sh\"\n";
			showEnvVarsInLog = 0;
		};
		41EBFDE17AADFA71543C070F /* [CP] Check Pods Manifest.lock */ = {
			isa = PBXShellScriptBuildPhase;
			buildActionMask = 2147483647;
			files = (
			);
			inputPaths = (
				"${PODS_PODFILE_DIR_PATH}/Podfile.lock",
				"${PODS_ROOT}/Manifest.lock",
			);
			name = "[CP] Check Pods Manifest.lock";
			outputPaths = (
				"$(DERIVED_FILE_DIR)/Pods-Skilled Acolyte-checkManifestLockResult.txt",
			);
			runOnlyForDeploymentPostprocessing = 0;
			shellPath = /bin/sh;
			shellScript = "diff \"${PODS_PODFILE_DIR_PATH}/Podfile.lock\" \"${PODS_ROOT}/Manifest.lock\" > /dev/null\nif [ $? != 0 ] ; then\n    # print error to STDERR\n    echo \"error: The sandbox is not in sync with the Podfile.lock. Run 'pod install' or update your CocoaPods installation.\" >&2\n    exit 1\nfi\n# This output is used by Xcode 'outputs' to avoid re-running this script phase.\necho \"SUCCESS\" > \"${SCRIPT_OUTPUT_FILE_0}\"\n";
			showEnvVarsInLog = 0;
		};
		52000FB00FB7648D6C8DA631 /* [CP] Check Pods Manifest.lock */ = {
			isa = PBXShellScriptBuildPhase;
			buildActionMask = 2147483647;
			files = (
			);
			inputPaths = (
				"${PODS_PODFILE_DIR_PATH}/Podfile.lock",
				"${PODS_ROOT}/Manifest.lock",
			);
			name = "[CP] Check Pods Manifest.lock";
			outputPaths = (
				"$(DERIVED_FILE_DIR)/Pods-Skilled AcolyteTests-checkManifestLockResult.txt",
			);
			runOnlyForDeploymentPostprocessing = 0;
			shellPath = /bin/sh;
			shellScript = "diff \"${PODS_PODFILE_DIR_PATH}/Podfile.lock\" \"${PODS_ROOT}/Manifest.lock\" > /dev/null\nif [ $? != 0 ] ; then\n    # print error to STDERR\n    echo \"error: The sandbox is not in sync with the Podfile.lock. Run 'pod install' or update your CocoaPods installation.\" >&2\n    exit 1\nfi\n# This output is used by Xcode 'outputs' to avoid re-running this script phase.\necho \"SUCCESS\" > \"${SCRIPT_OUTPUT_FILE_0}\"\n";
			showEnvVarsInLog = 0;
		};
		D44C20D36E73ED047772F47A /* [CP] Embed Pods Frameworks */ = {
			isa = PBXShellScriptBuildPhase;
			buildActionMask = 2147483647;
			files = (
			);
			inputPaths = (
				"${SRCROOT}/Pods/Target Support Files/Pods-Skilled Acolyte/Pods-Skilled Acolyte-frameworks.sh",
				"${BUILT_PRODUCTS_DIR}/JWTDecode/JWTDecode.framework",
				"${BUILT_PRODUCTS_DIR}/SVProgressHUD/SVProgressHUD.framework",
				"${BUILT_PRODUCTS_DIR}/TPKeyboardAvoiding/TPKeyboardAvoiding.framework",
			);
			name = "[CP] Embed Pods Frameworks";
			outputPaths = (
				"${TARGET_BUILD_DIR}/${FRAMEWORKS_FOLDER_PATH}/JWTDecode.framework",
				"${TARGET_BUILD_DIR}/${FRAMEWORKS_FOLDER_PATH}/SVProgressHUD.framework",
				"${TARGET_BUILD_DIR}/${FRAMEWORKS_FOLDER_PATH}/TPKeyboardAvoiding.framework",
			);
			runOnlyForDeploymentPostprocessing = 0;
			shellPath = /bin/sh;
			shellScript = "\"${SRCROOT}/Pods/Target Support Files/Pods-Skilled Acolyte/Pods-Skilled Acolyte-frameworks.sh\"\n";
			showEnvVarsInLog = 0;
		};
/* End PBXShellScriptBuildPhase section */

/* Begin PBXSourcesBuildPhase section */
		6550A18B209726F100068551 /* Sources */ = {
			isa = PBXSourcesBuildPhase;
			buildActionMask = 2147483647;
			files = (
				658CA0E920B14A9C000ABD30 /* Networking.swift in Sources */,
				65975C3020BA713000AC3C72 /* TicketsViewController.swift in Sources */,
				285C57B620AD6AF900C57F03 /* TeamManageViewController.swift in Sources */,
				285C57AC20AD6ACD00C57F03 /* HomepageViewController.swift in Sources */,
				65975C3220BA785300AC3C72 /* ManageTicketViewController.swift in Sources */,
				6571ED4D209D9AAC0006F868 /* Team.swift in Sources */,
				6571ED47209D96750006F868 /* University.swift in Sources */,
				65626F6320B841F5000AA4D0 /* Event.swift in Sources */,
				65975C2B20B98AA200AC3C72 /* Configuration.swift in Sources */,
				6571ED49209D96C20006F868 /* Ticket.swift in Sources */,
				6550A193209726F100068551 /* AppDelegate.swift in Sources */,
				65975C2920B9895100AC3C72 /* StudentDetailsViewController.swift in Sources */,
				6571ED4F209D9B290006F868 /* Student.swift in Sources */,
				285C57AE20AD6AD500C57F03 /* SettingsViewController.swift in Sources */,
				285C57B820AD6AFF00C57F03 /* FAQViewController.swift in Sources */,
				285C57B220AD6AED00C57F03 /* TicketTransferConfirmationViewController.swift in Sources */,
				6571ED45209D935C0006F868 /* User.swift in Sources */,
				285C57AA20AD6AC400C57F03 /* VerifyViewController.swift in Sources */,
				285C57B020AD6AE800C57F03 /* TicketTransferRequestViewController.swift in Sources */,
				285C57B420AD6AF300C57F03 /* TeamCreateViewController.swift in Sources */,
				6571ED53209D9CFB0006F868 /* Constants.swift in Sources */,
				285C57A820AD6A9F00C57F03 /* LoginViewController.swift in Sources */,
			);
			runOnlyForDeploymentPostprocessing = 0;
		};
		6550A19F209726F400068551 /* Sources */ = {
			isa = PBXSourcesBuildPhase;
			buildActionMask = 2147483647;
			files = (
				6550A1A8209726F400068551 /* Skilled_AcolyteTests.swift in Sources */,
			);
			runOnlyForDeploymentPostprocessing = 0;
		};
/* End PBXSourcesBuildPhase section */

/* Begin PBXTargetDependency section */
		6550A1A5209726F400068551 /* PBXTargetDependency */ = {
			isa = PBXTargetDependency;
			target = 6550A18E209726F100068551 /* Skilled Acolyte */;
			targetProxy = 6550A1A4209726F400068551 /* PBXContainerItemProxy */;
		};
/* End PBXTargetDependency section */

/* Begin PBXVariantGroup section */
		6550A196209726F100068551 /* Main.storyboard */ = {
			isa = PBXVariantGroup;
			children = (
				6550A197209726F100068551 /* Base */,
			);
			name = Main.storyboard;
			sourceTree = "<group>";
		};
		6550A19B209726F400068551 /* LaunchScreen.storyboard */ = {
			isa = PBXVariantGroup;
			children = (
				6550A19C209726F400068551 /* Base */,
			);
			name = LaunchScreen.storyboard;
			sourceTree = "<group>";
		};
/* End PBXVariantGroup section */

/* Begin XCBuildConfiguration section */
		6550A1AA209726F400068551 /* Debug */ = {
			isa = XCBuildConfiguration;
			buildSettings = {
				ALWAYS_SEARCH_USER_PATHS = NO;
				CLANG_ANALYZER_NONNULL = YES;
				CLANG_ANALYZER_NUMBER_OBJECT_CONVERSION = YES_AGGRESSIVE;
				CLANG_CXX_LANGUAGE_STANDARD = "gnu++14";
				CLANG_CXX_LIBRARY = "libc++";
				CLANG_ENABLE_MODULES = YES;
				CLANG_ENABLE_OBJC_ARC = YES;
				CLANG_ENABLE_OBJC_WEAK = YES;
				CLANG_WARN_BLOCK_CAPTURE_AUTORELEASING = YES;
				CLANG_WARN_BOOL_CONVERSION = YES;
				CLANG_WARN_COMMA = YES;
				CLANG_WARN_CONSTANT_CONVERSION = YES;
				CLANG_WARN_DEPRECATED_OBJC_IMPLEMENTATIONS = YES;
				CLANG_WARN_DIRECT_OBJC_ISA_USAGE = YES_ERROR;
				CLANG_WARN_DOCUMENTATION_COMMENTS = YES;
				CLANG_WARN_EMPTY_BODY = YES;
				CLANG_WARN_ENUM_CONVERSION = YES;
				CLANG_WARN_INFINITE_RECURSION = YES;
				CLANG_WARN_INT_CONVERSION = YES;
				CLANG_WARN_NON_LITERAL_NULL_CONVERSION = YES;
				CLANG_WARN_OBJC_IMPLICIT_RETAIN_SELF = YES;
				CLANG_WARN_OBJC_LITERAL_CONVERSION = YES;
				CLANG_WARN_OBJC_ROOT_CLASS = YES_ERROR;
				CLANG_WARN_RANGE_LOOP_ANALYSIS = YES;
				CLANG_WARN_STRICT_PROTOTYPES = YES;
				CLANG_WARN_SUSPICIOUS_MOVE = YES;
				CLANG_WARN_UNGUARDED_AVAILABILITY = YES_AGGRESSIVE;
				CLANG_WARN_UNREACHABLE_CODE = YES;
				CLANG_WARN__DUPLICATE_METHOD_MATCH = YES;
				CODE_SIGN_IDENTITY = "iPhone Developer";
				COPY_PHASE_STRIP = NO;
				DEBUG_INFORMATION_FORMAT = dwarf;
				ENABLE_STRICT_OBJC_MSGSEND = YES;
				ENABLE_TESTABILITY = YES;
				GCC_C_LANGUAGE_STANDARD = gnu11;
				GCC_DYNAMIC_NO_PIC = NO;
				GCC_NO_COMMON_BLOCKS = YES;
				GCC_OPTIMIZATION_LEVEL = 0;
				GCC_PREPROCESSOR_DEFINITIONS = (
					"DEBUG=1",
					"$(inherited)",
				);
				GCC_WARN_64_TO_32_BIT_CONVERSION = YES;
				GCC_WARN_ABOUT_RETURN_TYPE = YES_ERROR;
				GCC_WARN_UNDECLARED_SELECTOR = YES;
				GCC_WARN_UNINITIALIZED_AUTOS = YES_AGGRESSIVE;
				GCC_WARN_UNUSED_FUNCTION = YES;
				GCC_WARN_UNUSED_VARIABLE = YES;
				IPHONEOS_DEPLOYMENT_TARGET = 11.3;
				MTL_ENABLE_DEBUG_INFO = YES;
				ONLY_ACTIVE_ARCH = YES;
				SDKROOT = iphoneos;
				SWIFT_ACTIVE_COMPILATION_CONDITIONS = DEBUG;
				SWIFT_OPTIMIZATION_LEVEL = "-Onone";
			};
			name = Debug;
		};
		6550A1AB209726F400068551 /* Release */ = {
			isa = XCBuildConfiguration;
			buildSettings = {
				ALWAYS_SEARCH_USER_PATHS = NO;
				CLANG_ANALYZER_NONNULL = YES;
				CLANG_ANALYZER_NUMBER_OBJECT_CONVERSION = YES_AGGRESSIVE;
				CLANG_CXX_LANGUAGE_STANDARD = "gnu++14";
				CLANG_CXX_LIBRARY = "libc++";
				CLANG_ENABLE_MODULES = YES;
				CLANG_ENABLE_OBJC_ARC = YES;
				CLANG_ENABLE_OBJC_WEAK = YES;
				CLANG_WARN_BLOCK_CAPTURE_AUTORELEASING = YES;
				CLANG_WARN_BOOL_CONVERSION = YES;
				CLANG_WARN_COMMA = YES;
				CLANG_WARN_CONSTANT_CONVERSION = YES;
				CLANG_WARN_DEPRECATED_OBJC_IMPLEMENTATIONS = YES;
				CLANG_WARN_DIRECT_OBJC_ISA_USAGE = YES_ERROR;
				CLANG_WARN_DOCUMENTATION_COMMENTS = YES;
				CLANG_WARN_EMPTY_BODY = YES;
				CLANG_WARN_ENUM_CONVERSION = YES;
				CLANG_WARN_INFINITE_RECURSION = YES;
				CLANG_WARN_INT_CONVERSION = YES;
				CLANG_WARN_NON_LITERAL_NULL_CONVERSION = YES;
				CLANG_WARN_OBJC_IMPLICIT_RETAIN_SELF = YES;
				CLANG_WARN_OBJC_LITERAL_CONVERSION = YES;
				CLANG_WARN_OBJC_ROOT_CLASS = YES_ERROR;
				CLANG_WARN_RANGE_LOOP_ANALYSIS = YES;
				CLANG_WARN_STRICT_PROTOTYPES = YES;
				CLANG_WARN_SUSPICIOUS_MOVE = YES;
				CLANG_WARN_UNGUARDED_AVAILABILITY = YES_AGGRESSIVE;
				CLANG_WARN_UNREACHABLE_CODE = YES;
				CLANG_WARN__DUPLICATE_METHOD_MATCH = YES;
				CODE_SIGN_IDENTITY = "iPhone Developer";
				COPY_PHASE_STRIP = NO;
				DEBUG_INFORMATION_FORMAT = "dwarf-with-dsym";
				ENABLE_NS_ASSERTIONS = NO;
				ENABLE_STRICT_OBJC_MSGSEND = YES;
				GCC_C_LANGUAGE_STANDARD = gnu11;
				GCC_NO_COMMON_BLOCKS = YES;
				GCC_WARN_64_TO_32_BIT_CONVERSION = YES;
				GCC_WARN_ABOUT_RETURN_TYPE = YES_ERROR;
				GCC_WARN_UNDECLARED_SELECTOR = YES;
				GCC_WARN_UNINITIALIZED_AUTOS = YES_AGGRESSIVE;
				GCC_WARN_UNUSED_FUNCTION = YES;
				GCC_WARN_UNUSED_VARIABLE = YES;
				IPHONEOS_DEPLOYMENT_TARGET = 11.3;
				MTL_ENABLE_DEBUG_INFO = NO;
				SDKROOT = iphoneos;
				SWIFT_COMPILATION_MODE = wholemodule;
				SWIFT_OPTIMIZATION_LEVEL = "-O";
				VALIDATE_PRODUCT = YES;
			};
			name = Release;
		};
		6550A1AD209726F400068551 /* Debug */ = {
			isa = XCBuildConfiguration;
			baseConfigurationReference = 91375948ACB4BC448A9E8E3F /* Pods-Skilled Acolyte.debug.xcconfig */;
			buildSettings = {
				ALWAYS_EMBED_SWIFT_STANDARD_LIBRARIES = YES;
				ASSETCATALOG_COMPILER_APPICON_NAME = AppIcon;
				CLANG_ENABLE_MODULES = YES;
				CODE_SIGN_STYLE = Automatic;
				DEFINES_MODULE = YES;
				DEVELOPMENT_TEAM = BU3JKZ42Q4;
				INFOPLIST_FILE = "Skilled Acolyte/Info.plist";
				IPHONEOS_DEPLOYMENT_TARGET = 9.0;
				LD_RUNPATH_SEARCH_PATHS = (
					"$(inherited)",
					"@executable_path/Frameworks",
				);
				PRODUCT_BUNDLE_IDENTIFIER = "net.unihack.Skilled-Acolyte";
				PRODUCT_NAME = "$(TARGET_NAME)";
				SWIFT_OBJC_BRIDGING_HEADER = "";
				SWIFT_OPTIMIZATION_LEVEL = "-Onone";
				SWIFT_VERSION = 4.0;
				TARGETED_DEVICE_FAMILY = "1,2";
			};
			name = Debug;
		};
		6550A1AE209726F400068551 /* Release */ = {
			isa = XCBuildConfiguration;
			baseConfigurationReference = EC162C8D08B7378C032617B0 /* Pods-Skilled Acolyte.release.xcconfig */;
			buildSettings = {
				ALWAYS_EMBED_SWIFT_STANDARD_LIBRARIES = YES;
				ASSETCATALOG_COMPILER_APPICON_NAME = AppIcon;
				CLANG_ENABLE_MODULES = YES;
				CODE_SIGN_STYLE = Automatic;
				DEFINES_MODULE = YES;
				DEVELOPMENT_TEAM = BU3JKZ42Q4;
				INFOPLIST_FILE = "Skilled Acolyte/Info.plist";
				IPHONEOS_DEPLOYMENT_TARGET = 9.0;
				LD_RUNPATH_SEARCH_PATHS = (
					"$(inherited)",
					"@executable_path/Frameworks",
				);
				PRODUCT_BUNDLE_IDENTIFIER = "net.unihack.Skilled-Acolyte";
				PRODUCT_NAME = "$(TARGET_NAME)";
				SWIFT_OBJC_BRIDGING_HEADER = "";
				SWIFT_VERSION = 4.0;
				TARGETED_DEVICE_FAMILY = "1,2";
			};
			name = Release;
		};
		6550A1B0209726F400068551 /* Debug */ = {
			isa = XCBuildConfiguration;
			baseConfigurationReference = F21C187EDDE5725A4BA6A8C8 /* Pods-Skilled AcolyteTests.debug.xcconfig */;
			buildSettings = {
				ALWAYS_EMBED_SWIFT_STANDARD_LIBRARIES = YES;
				BUNDLE_LOADER = "$(TEST_HOST)";
				CODE_SIGN_STYLE = Automatic;
				DEVELOPMENT_TEAM = BU3JKZ42Q4;
				INFOPLIST_FILE = "Skilled AcolyteTests/Info.plist";
				LD_RUNPATH_SEARCH_PATHS = (
					"$(inherited)",
					"@executable_path/Frameworks",
					"@loader_path/Frameworks",
				);
				PRODUCT_BUNDLE_IDENTIFIER = "net.unihack.Skilled-AcolyteTests";
				PRODUCT_NAME = "$(TARGET_NAME)";
				SWIFT_VERSION = 4.0;
				TARGETED_DEVICE_FAMILY = "1,2";
				TEST_HOST = "$(BUILT_PRODUCTS_DIR)/Skilled Acolyte.app/Skilled Acolyte";
			};
			name = Debug;
		};
		6550A1B1209726F400068551 /* Release */ = {
			isa = XCBuildConfiguration;
			baseConfigurationReference = F3BC6ADE0E0A6B239D02DEA9 /* Pods-Skilled AcolyteTests.release.xcconfig */;
			buildSettings = {
				ALWAYS_EMBED_SWIFT_STANDARD_LIBRARIES = YES;
				BUNDLE_LOADER = "$(TEST_HOST)";
				CODE_SIGN_STYLE = Automatic;
				DEVELOPMENT_TEAM = BU3JKZ42Q4;
				INFOPLIST_FILE = "Skilled AcolyteTests/Info.plist";
				LD_RUNPATH_SEARCH_PATHS = (
					"$(inherited)",
					"@executable_path/Frameworks",
					"@loader_path/Frameworks",
				);
				PRODUCT_BUNDLE_IDENTIFIER = "net.unihack.Skilled-AcolyteTests";
				PRODUCT_NAME = "$(TARGET_NAME)";
				SWIFT_VERSION = 4.0;
				TARGETED_DEVICE_FAMILY = "1,2";
				TEST_HOST = "$(BUILT_PRODUCTS_DIR)/Skilled Acolyte.app/Skilled Acolyte";
			};
			name = Release;
		};
/* End XCBuildConfiguration section */

/* Begin XCConfigurationList section */
		6550A18A209726F100068551 /* Build configuration list for PBXProject "Skilled Acolyte" */ = {
			isa = XCConfigurationList;
			buildConfigurations = (
				6550A1AA209726F400068551 /* Debug */,
				6550A1AB209726F400068551 /* Release */,
			);
			defaultConfigurationIsVisible = 0;
			defaultConfigurationName = Release;
		};
		6550A1AC209726F400068551 /* Build configuration list for PBXNativeTarget "Skilled Acolyte" */ = {
			isa = XCConfigurationList;
			buildConfigurations = (
				6550A1AD209726F400068551 /* Debug */,
				6550A1AE209726F400068551 /* Release */,
			);
			defaultConfigurationIsVisible = 0;
			defaultConfigurationName = Release;
		};
		6550A1AF209726F400068551 /* Build configuration list for PBXNativeTarget "Skilled AcolyteTests" */ = {
			isa = XCConfigurationList;
			buildConfigurations = (
				6550A1B0209726F400068551 /* Debug */,
				6550A1B1209726F400068551 /* Release */,
			);
			defaultConfigurationIsVisible = 0;
			defaultConfigurationName = Release;
		};
/* End XCConfigurationList section */
	};
	rootObject = 6550A187209726F100068551 /* Project object */;
}
