// !$*UTF8*$!
{
	archiveVersion = 1;
	classes = {
	};
	objectVersion = 50;
	objects = {

/* Begin PBXBuildFile section */
		6550A193209726F100068551 /* AppDelegate.swift in Sources */ = {isa = PBXBuildFile; fileRef = 6550A192209726F100068551 /* AppDelegate.swift */; };
		6550A195209726F100068551 /* ViewController.swift in Sources */ = {isa = PBXBuildFile; fileRef = 6550A194209726F100068551 /* ViewController.swift */; };
		6550A198209726F100068551 /* Main.storyboard in Resources */ = {isa = PBXBuildFile; fileRef = 6550A196209726F100068551 /* Main.storyboard */; };
		6550A19A209726F400068551 /* Assets.xcassets in Resources */ = {isa = PBXBuildFile; fileRef = 6550A199209726F400068551 /* Assets.xcassets */; };
		6550A19D209726F400068551 /* LaunchScreen.storyboard in Resources */ = {isa = PBXBuildFile; fileRef = 6550A19B209726F400068551 /* LaunchScreen.storyboard */; };
		6550A1A8209726F400068551 /* Skilled_AcolyteTests.swift in Sources */ = {isa = PBXBuildFile; fileRef = 6550A1A7209726F400068551 /* Skilled_AcolyteTests.swift */; };
		6571ED45209D935C0006F868 /* User.swift in Sources */ = {isa = PBXBuildFile; fileRef = 6571ED44209D935C0006F868 /* User.swift */; };
		6571ED47209D96750006F868 /* University.swift in Sources */ = {isa = PBXBuildFile; fileRef = 6571ED46209D96750006F868 /* University.swift */; };
		6571ED49209D96C20006F868 /* Ticket.swift in Sources */ = {isa = PBXBuildFile; fileRef = 6571ED48209D96C20006F868 /* Ticket.swift */; };
		6571ED4D209D9AAC0006F868 /* Team.swift in Sources */ = {isa = PBXBuildFile; fileRef = 6571ED4C209D9AAC0006F868 /* Team.swift */; };
		6571ED4F209D9B290006F868 /* Student.swift in Sources */ = {isa = PBXBuildFile; fileRef = 6571ED4E209D9B290006F868 /* Student.swift */; };
		6571ED51209D9CD10006F868 /* Networking.swift in Sources */ = {isa = PBXBuildFile; fileRef = 6571ED50209D9CD10006F868 /* Networking.swift */; };
		6571ED53209D9CFB0006F868 /* Constants.swift in Sources */ = {isa = PBXBuildFile; fileRef = 6571ED52209D9CFB0006F868 /* Constants.swift */; };
		6571ED57209DADFD0006F868 /* Networking.m in Sources */ = {isa = PBXBuildFile; fileRef = 6571ED56209DADFD0006F868 /* Networking.m */; };
/* End PBXBuildFile section */

/* Begin PBXContainerItemProxy section */
		6550A1A4209726F400068551 /* PBXContainerItemProxy */ = {
			isa = PBXContainerItemProxy;
			containerPortal = 6550A187209726F100068551 /* Project object */;
			proxyType = 1;
			remoteGlobalIDString = 6550A18E209726F100068551;
			remoteInfo = "Skilled Acolyte";
		};
/* End PBXContainerItemProxy section */

/* Begin PBXFileReference section */
		6550A18F209726F100068551 /* Skilled Acolyte.app */ = {isa = PBXFileReference; explicitFileType = wrapper.application; includeInIndex = 0; path = "Skilled Acolyte.app"; sourceTree = BUILT_PRODUCTS_DIR; };
		6550A192209726F100068551 /* AppDelegate.swift */ = {isa = PBXFileReference; lastKnownFileType = sourcecode.swift; path = AppDelegate.swift; sourceTree = "<group>"; };
		6550A194209726F100068551 /* ViewController.swift */ = {isa = PBXFileReference; lastKnownFileType = sourcecode.swift; path = ViewController.swift; sourceTree = "<group>"; };
		6550A197209726F100068551 /* Base */ = {isa = PBXFileReference; lastKnownFileType = file.storyboard; name = Base; path = Base.lproj/Main.storyboard; sourceTree = "<group>"; };
		6550A199209726F400068551 /* Assets.xcassets */ = {isa = PBXFileReference; lastKnownFileType = folder.assetcatalog; path = Assets.xcassets; sourceTree = "<group>"; };
		6550A19C209726F400068551 /* Base */ = {isa = PBXFileReference; lastKnownFileType = file.storyboard; name = Base; path = Base.lproj/LaunchScreen.storyboard; sourceTree = "<group>"; };
		6550A19E209726F400068551 /* Info.plist */ = {isa = PBXFileReference; lastKnownFileType = text.plist.xml; path = Info.plist; sourceTree = "<group>"; };
		6550A1A3209726F400068551 /* Skilled AcolyteTests.xctest */ = {isa = PBXFileReference; explicitFileType = wrapper.cfbundle; includeInIndex = 0; path = "Skilled AcolyteTests.xctest"; sourceTree = BUILT_PRODUCTS_DIR; };
		6550A1A7209726F400068551 /* Skilled_AcolyteTests.swift */ = {isa = PBXFileReference; lastKnownFileType = sourcecode.swift; path = Skilled_AcolyteTests.swift; sourceTree = "<group>"; };
		6550A1A9209726F400068551 /* Info.plist */ = {isa = PBXFileReference; lastKnownFileType = text.plist.xml; path = Info.plist; sourceTree = "<group>"; };
		6571ED44209D935C0006F868 /* User.swift */ = {isa = PBXFileReference; lastKnownFileType = sourcecode.swift; path = User.swift; sourceTree = "<group>"; };
		6571ED46209D96750006F868 /* University.swift */ = {isa = PBXFileReference; lastKnownFileType = sourcecode.swift; path = University.swift; sourceTree = "<group>"; };
		6571ED48209D96C20006F868 /* Ticket.swift */ = {isa = PBXFileReference; lastKnownFileType = sourcecode.swift; path = Ticket.swift; sourceTree = "<group>"; };
		6571ED4C209D9AAC0006F868 /* Team.swift */ = {isa = PBXFileReference; lastKnownFileType = sourcecode.swift; path = Team.swift; sourceTree = "<group>"; };
		6571ED4E209D9B290006F868 /* Student.swift */ = {isa = PBXFileReference; lastKnownFileType = sourcecode.swift; path = Student.swift; sourceTree = "<group>"; };
		6571ED50209D9CD10006F868 /* Networking.swift */ = {isa = PBXFileReference; lastKnownFileType = sourcecode.swift; path = Networking.swift; sourceTree = "<group>"; };
		6571ED52209D9CFB0006F868 /* Constants.swift */ = {isa = PBXFileReference; lastKnownFileType = sourcecode.swift; path = Constants.swift; sourceTree = "<group>"; };
		6571ED54209DADFD0006F868 /* Skilled Acolyte-Bridging-Header.h */ = {isa = PBXFileReference; lastKnownFileType = sourcecode.c.h; path = "Skilled Acolyte-Bridging-Header.h"; sourceTree = "<group>"; };
		6571ED55209DADFD0006F868 /* Networking.h */ = {isa = PBXFileReference; lastKnownFileType = sourcecode.c.h; path = Networking.h; sourceTree = "<group>"; };
		6571ED56209DADFD0006F868 /* Networking.m */ = {isa = PBXFileReference; lastKnownFileType = sourcecode.c.objc; path = Networking.m; sourceTree = "<group>"; };
/* End PBXFileReference section */

/* Begin PBXFrameworksBuildPhase section */
		6550A18C209726F100068551 /* Frameworks */ = {
			isa = PBXFrameworksBuildPhase;
			buildActionMask = 2147483647;
			files = (
			);
			runOnlyForDeploymentPostprocessing = 0;
		};
		6550A1A0209726F400068551 /* Frameworks */ = {
			isa = PBXFrameworksBuildPhase;
			buildActionMask = 2147483647;
			files = (
			);
			runOnlyForDeploymentPostprocessing = 0;
		};
/* End PBXFrameworksBuildPhase section */

/* Begin PBXGroup section */
		6550A186209726F100068551 = {
			isa = PBXGroup;
			children = (
				6550A191209726F100068551 /* Skilled Acolyte */,
				6550A1A6209726F400068551 /* Skilled AcolyteTests */,
				6550A190209726F100068551 /* Products */,
			);
			sourceTree = "<group>";
		};
		6550A190209726F100068551 /* Products */ = {
			isa = PBXGroup;
			children = (
				6550A18F209726F100068551 /* Skilled Acolyte.app */,
				6550A1A3209726F400068551 /* Skilled AcolyteTests.xctest */,
			);
			name = Products;
			sourceTree = "<group>";
		};
		6550A191209726F100068551 /* Skilled Acolyte */ = {
			isa = PBXGroup;
			children = (
				6550A192209726F100068551 /* AppDelegate.swift */,
				6571ED50209D9CD10006F868 /* Networking.swift */,
				6571ED55209DADFD0006F868 /* Networking.h */,
				6571ED56209DADFD0006F868 /* Networking.m */,
				6571ED52209D9CFB0006F868 /* Constants.swift */,
				6571ED42209D932D0006F868 /* ViewControllers */,
				6571ED43209D933A0006F868 /* Models */,
				6550A196209726F100068551 /* Main.storyboard */,
				6550A199209726F400068551 /* Assets.xcassets */,
				6550A19B209726F400068551 /* LaunchScreen.storyboard */,
				6550A19E209726F400068551 /* Info.plist */,
				6571ED54209DADFD0006F868 /* Skilled Acolyte-Bridging-Header.h */,
			);
			path = "Skilled Acolyte";
			sourceTree = "<group>";
		};
		6550A1A6209726F400068551 /* Skilled AcolyteTests */ = {
			isa = PBXGroup;
			children = (
				6550A1A7209726F400068551 /* Skilled_AcolyteTests.swift */,
				6550A1A9209726F400068551 /* Info.plist */,
			);
			path = "Skilled AcolyteTests";
			sourceTree = "<group>";
		};
		6571ED42209D932D0006F868 /* ViewControllers */ = {
			isa = PBXGroup;
			children = (
				6550A194209726F100068551 /* ViewController.swift */,
			);
			path = ViewControllers;
			sourceTree = "<group>";
		};
		6571ED43209D933A0006F868 /* Models */ = {
			isa = PBXGroup;
			children = (
				6571ED44209D935C0006F868 /* User.swift */,
				6571ED46209D96750006F868 /* University.swift */,
				6571ED48209D96C20006F868 /* Ticket.swift */,
				6571ED4C209D9AAC0006F868 /* Team.swift */,
				6571ED4E209D9B290006F868 /* Student.swift */,
			);
			path = Models;
			sourceTree = "<group>";
		};
/* End PBXGroup section */

/* Begin PBXNativeTarget section */
		6550A18E209726F100068551 /* Skilled Acolyte */ = {
			isa = PBXNativeTarget;
			buildConfigurationList = 6550A1AC209726F400068551 /* Build configuration list for PBXNativeTarget "Skilled Acolyte" */;
			buildPhases = (
				6550A18B209726F100068551 /* Sources */,
				6550A18C209726F100068551 /* Frameworks */,
				6550A18D209726F100068551 /* Resources */,
			);
			buildRules = (
			);
			dependencies = (
			);
			name = "Skilled Acolyte";
			productName = "Skilled Acolyte";
			productReference = 6550A18F209726F100068551 /* Skilled Acolyte.app */;
			productType = "com.apple.product-type.application";
		};
		6550A1A2209726F400068551 /* Skilled AcolyteTests */ = {
			isa = PBXNativeTarget;
			buildConfigurationList = 6550A1AF209726F400068551 /* Build configuration list for PBXNativeTarget "Skilled AcolyteTests" */;
			buildPhases = (
				6550A19F209726F400068551 /* Sources */,
				6550A1A0209726F400068551 /* Frameworks */,
				6550A1A1209726F400068551 /* Resources */,
			);
			buildRules = (
			);
			dependencies = (
				6550A1A5209726F400068551 /* PBXTargetDependency */,
			);
			name = "Skilled AcolyteTests";
			productName = "Skilled AcolyteTests";
			productReference = 6550A1A3209726F400068551 /* Skilled AcolyteTests.xctest */;
			productType = "com.apple.product-type.bundle.unit-test";
		};
/* End PBXNativeTarget section */

/* Begin PBXProject section */
		6550A187209726F100068551 /* Project object */ = {
			isa = PBXProject;
			attributes = {
				LastSwiftUpdateCheck = 0930;
				LastUpgradeCheck = 0930;
				ORGANIZATIONNAME = "UNIHACK Inc";
				TargetAttributes = {
					6550A18E209726F100068551 = {
						CreatedOnToolsVersion = 9.3;
						LastSwiftMigration = 0930;
					};
					6550A1A2209726F400068551 = {
						CreatedOnToolsVersion = 9.3;
						TestTargetID = 6550A18E209726F100068551;
					};
				};
			};
			buildConfigurationList = 6550A18A209726F100068551 /* Build configuration list for PBXProject "Skilled Acolyte" */;
			compatibilityVersion = "Xcode 9.3";
			developmentRegion = en;
			hasScannedForEncodings = 0;
			knownRegions = (
				en,
				Base,
			);
			mainGroup = 6550A186209726F100068551;
			productRefGroup = 6550A190209726F100068551 /* Products */;
			projectDirPath = "";
			projectRoot = "";
			targets = (
				6550A18E209726F100068551 /* Skilled Acolyte */,
				6550A1A2209726F400068551 /* Skilled AcolyteTests */,
			);
		};
/* End PBXProject section */

/* Begin PBXResourcesBuildPhase section */
		6550A18D209726F100068551 /* Resources */ = {
			isa = PBXResourcesBuildPhase;
			buildActionMask = 2147483647;
			files = (
				6550A19D209726F400068551 /* LaunchScreen.storyboard in Resources */,
				6550A19A209726F400068551 /* Assets.xcassets in Resources */,
				6550A198209726F100068551 /* Main.storyboard in Resources */,
			);
			runOnlyForDeploymentPostprocessing = 0;
		};
		6550A1A1209726F400068551 /* Resources */ = {
			isa = PBXResourcesBuildPhase;
			buildActionMask = 2147483647;
			files = (
			);
			runOnlyForDeploymentPostprocessing = 0;
		};
/* End PBXResourcesBuildPhase section */

/* Begin PBXSourcesBuildPhase section */
		6550A18B209726F100068551 /* Sources */ = {
			isa = PBXSourcesBuildPhase;
			buildActionMask = 2147483647;
			files = (
				6571ED4D209D9AAC0006F868 /* Team.swift in Sources */,
				6571ED57209DADFD0006F868 /* Networking.m in Sources */,
				6550A195209726F100068551 /* ViewController.swift in Sources */,
				6571ED47209D96750006F868 /* University.swift in Sources */,
				6571ED51209D9CD10006F868 /* Networking.swift in Sources */,
				6571ED49209D96C20006F868 /* Ticket.swift in Sources */,
				6550A193209726F100068551 /* AppDelegate.swift in Sources */,
				6571ED4F209D9B290006F868 /* Student.swift in Sources */,
				6571ED45209D935C0006F868 /* User.swift in Sources */,
				6571ED53209D9CFB0006F868 /* Constants.swift in Sources */,
			);
			runOnlyForDeploymentPostprocessing = 0;
		};
		6550A19F209726F400068551 /* Sources */ = {
			isa = PBXSourcesBuildPhase;
			buildActionMask = 2147483647;
			files = (
				6550A1A8209726F400068551 /* Skilled_AcolyteTests.swift in Sources */,
			);
			runOnlyForDeploymentPostprocessing = 0;
		};
/* End PBXSourcesBuildPhase section */

/* Begin PBXTargetDependency section */
		6550A1A5209726F400068551 /* PBXTargetDependency */ = {
			isa = PBXTargetDependency;
			target = 6550A18E209726F100068551 /* Skilled Acolyte */;
			targetProxy = 6550A1A4209726F400068551 /* PBXContainerItemProxy */;
		};
/* End PBXTargetDependency section */

/* Begin PBXVariantGroup section */
		6550A196209726F100068551 /* Main.storyboard */ = {
			isa = PBXVariantGroup;
			children = (
				6550A197209726F100068551 /* Base */,
			);
			name = Main.storyboard;
			sourceTree = "<group>";
		};
		6550A19B209726F400068551 /* LaunchScreen.storyboard */ = {
			isa = PBXVariantGroup;
			children = (
				6550A19C209726F400068551 /* Base */,
			);
			name = LaunchScreen.storyboard;
			sourceTree = "<group>";
		};
/* End PBXVariantGroup section */

/* Begin XCBuildConfiguration section */
		6550A1AA209726F400068551 /* Debug */ = {
			isa = XCBuildConfiguration;
			buildSettings = {
				ALWAYS_SEARCH_USER_PATHS = NO;
				CLANG_ANALYZER_NONNULL = YES;
				CLANG_ANALYZER_NUMBER_OBJECT_CONVERSION = YES_AGGRESSIVE;
				CLANG_CXX_LANGUAGE_STANDARD = "gnu++14";
				CLANG_CXX_LIBRARY = "libc++";
				CLANG_ENABLE_MODULES = YES;
				CLANG_ENABLE_OBJC_ARC = YES;
				CLANG_ENABLE_OBJC_WEAK = YES;
				CLANG_WARN_BLOCK_CAPTURE_AUTORELEASING = YES;
				CLANG_WARN_BOOL_CONVERSION = YES;
				CLANG_WARN_COMMA = YES;
				CLANG_WARN_CONSTANT_CONVERSION = YES;
				CLANG_WARN_DEPRECATED_OBJC_IMPLEMENTATIONS = YES;
				CLANG_WARN_DIRECT_OBJC_ISA_USAGE = YES_ERROR;
				CLANG_WARN_DOCUMENTATION_COMMENTS = YES;
				CLANG_WARN_EMPTY_BODY = YES;
				CLANG_WARN_ENUM_CONVERSION = YES;
				CLANG_WARN_INFINITE_RECURSION = YES;
				CLANG_WARN_INT_CONVERSION = YES;
				CLANG_WARN_NON_LITERAL_NULL_CONVERSION = YES;
				CLANG_WARN_OBJC_IMPLICIT_RETAIN_SELF = YES;
				CLANG_WARN_OBJC_LITERAL_CONVERSION = YES;
				CLANG_WARN_OBJC_ROOT_CLASS = YES_ERROR;
				CLANG_WARN_RANGE_LOOP_ANALYSIS = YES;
				CLANG_WARN_STRICT_PROTOTYPES = YES;
				CLANG_WARN_SUSPICIOUS_MOVE = YES;
				CLANG_WARN_UNGUARDED_AVAILABILITY = YES_AGGRESSIVE;
				CLANG_WARN_UNREACHABLE_CODE = YES;
				CLANG_WARN__DUPLICATE_METHOD_MATCH = YES;
				CODE_SIGN_IDENTITY = "iPhone Developer";
				COPY_PHASE_STRIP = NO;
				DEBUG_INFORMATION_FORMAT = dwarf;
				ENABLE_STRICT_OBJC_MSGSEND = YES;
				ENABLE_TESTABILITY = YES;
				GCC_C_LANGUAGE_STANDARD = gnu11;
				GCC_DYNAMIC_NO_PIC = NO;
				GCC_NO_COMMON_BLOCKS = YES;
				GCC_OPTIMIZATION_LEVEL = 0;
				GCC_PREPROCESSOR_DEFINITIONS = (
					"DEBUG=1",
					"$(inherited)",
				);
				GCC_WARN_64_TO_32_BIT_CONVERSION = YES;
				GCC_WARN_ABOUT_RETURN_TYPE = YES_ERROR;
				GCC_WARN_UNDECLARED_SELECTOR = YES;
				GCC_WARN_UNINITIALIZED_AUTOS = YES_AGGRESSIVE;
				GCC_WARN_UNUSED_FUNCTION = YES;
				GCC_WARN_UNUSED_VARIABLE = YES;
				IPHONEOS_DEPLOYMENT_TARGET = 11.3;
				MTL_ENABLE_DEBUG_INFO = YES;
				ONLY_ACTIVE_ARCH = YES;
				SDKROOT = iphoneos;
				SWIFT_ACTIVE_COMPILATION_CONDITIONS = DEBUG;
				SWIFT_OPTIMIZATION_LEVEL = "-Onone";
			};
			name = Debug;
		};
		6550A1AB209726F400068551 /* Release */ = {
			isa = XCBuildConfiguration;
			buildSettings = {
				ALWAYS_SEARCH_USER_PATHS = NO;
				CLANG_ANALYZER_NONNULL = YES;
				CLANG_ANALYZER_NUMBER_OBJECT_CONVERSION = YES_AGGRESSIVE;
				CLANG_CXX_LANGUAGE_STANDARD = "gnu++14";
				CLANG_CXX_LIBRARY = "libc++";
				CLANG_ENABLE_MODULES = YES;
				CLANG_ENABLE_OBJC_ARC = YES;
				CLANG_ENABLE_OBJC_WEAK = YES;
				CLANG_WARN_BLOCK_CAPTURE_AUTORELEASING = YES;
				CLANG_WARN_BOOL_CONVERSION = YES;
				CLANG_WARN_COMMA = YES;
				CLANG_WARN_CONSTANT_CONVERSION = YES;
				CLANG_WARN_DEPRECATED_OBJC_IMPLEMENTATIONS = YES;
				CLANG_WARN_DIRECT_OBJC_ISA_USAGE = YES_ERROR;
				CLANG_WARN_DOCUMENTATION_COMMENTS = YES;
				CLANG_WARN_EMPTY_BODY = YES;
				CLANG_WARN_ENUM_CONVERSION = YES;
				CLANG_WARN_INFINITE_RECURSION = YES;
				CLANG_WARN_INT_CONVERSION = YES;
				CLANG_WARN_NON_LITERAL_NULL_CONVERSION = YES;
				CLANG_WARN_OBJC_IMPLICIT_RETAIN_SELF = YES;
				CLANG_WARN_OBJC_LITERAL_CONVERSION = YES;
				CLANG_WARN_OBJC_ROOT_CLASS = YES_ERROR;
				CLANG_WARN_RANGE_LOOP_ANALYSIS = YES;
				CLANG_WARN_STRICT_PROTOTYPES = YES;
				CLANG_WARN_SUSPICIOUS_MOVE = YES;
				CLANG_WARN_UNGUARDED_AVAILABILITY = YES_AGGRESSIVE;
				CLANG_WARN_UNREACHABLE_CODE = YES;
				CLANG_WARN__DUPLICATE_METHOD_MATCH = YES;
				CODE_SIGN_IDENTITY = "iPhone Developer";
				COPY_PHASE_STRIP = NO;
				DEBUG_INFORMATION_FORMAT = "dwarf-with-dsym";
				ENABLE_NS_ASSERTIONS = NO;
				ENABLE_STRICT_OBJC_MSGSEND = YES;
				GCC_C_LANGUAGE_STANDARD = gnu11;
				GCC_NO_COMMON_BLOCKS = YES;
				GCC_WARN_64_TO_32_BIT_CONVERSION = YES;
				GCC_WARN_ABOUT_RETURN_TYPE = YES_ERROR;
				GCC_WARN_UNDECLARED_SELECTOR = YES;
				GCC_WARN_UNINITIALIZED_AUTOS = YES_AGGRESSIVE;
				GCC_WARN_UNUSED_FUNCTION = YES;
				GCC_WARN_UNUSED_VARIABLE = YES;
				IPHONEOS_DEPLOYMENT_TARGET = 11.3;
				MTL_ENABLE_DEBUG_INFO = NO;
				SDKROOT = iphoneos;
				SWIFT_COMPILATION_MODE = wholemodule;
				SWIFT_OPTIMIZATION_LEVEL = "-O";
				VALIDATE_PRODUCT = YES;
			};
			name = Release;
		};
		6550A1AD209726F400068551 /* Debug */ = {
			isa = XCBuildConfiguration;
			buildSettings = {
				ALWAYS_EMBED_SWIFT_STANDARD_LIBRARIES = YES;
				ASSETCATALOG_COMPILER_APPICON_NAME = AppIcon;
				CLANG_ENABLE_MODULES = YES;
				CODE_SIGN_STYLE = Automatic;
				DEFINES_MODULE = YES;
				DEVELOPMENT_TEAM = BU3JKZ42Q4;
				INFOPLIST_FILE = "Skilled Acolyte/Info.plist";
				LD_RUNPATH_SEARCH_PATHS = (
					"$(inherited)",
					"@executable_path/Frameworks",
				);
				PRODUCT_BUNDLE_IDENTIFIER = "net.unihack.Skilled-Acolyte";
				PRODUCT_NAME = "$(TARGET_NAME)";
				SWIFT_OBJC_BRIDGING_HEADER = "Skilled Acolyte/Skilled Acolyte-Bridging-Header.h";
				SWIFT_OPTIMIZATION_LEVEL = "-Onone";
				SWIFT_VERSION = 4.0;
				TARGETED_DEVICE_FAMILY = "1,2";
			};
			name = Debug;
		};
		6550A1AE209726F400068551 /* Release */ = {
			isa = XCBuildConfiguration;
			buildSettings = {
				ALWAYS_EMBED_SWIFT_STANDARD_LIBRARIES = YES;
				ASSETCATALOG_COMPILER_APPICON_NAME = AppIcon;
				CLANG_ENABLE_MODULES = YES;
				CODE_SIGN_STYLE = Automatic;
				DEFINES_MODULE = YES;
				DEVELOPMENT_TEAM = BU3JKZ42Q4;
				INFOPLIST_FILE = "Skilled Acolyte/Info.plist";
				LD_RUNPATH_SEARCH_PATHS = (
					"$(inherited)",
					"@executable_path/Frameworks",
				);
				PRODUCT_BUNDLE_IDENTIFIER = "net.unihack.Skilled-Acolyte";
				PRODUCT_NAME = "$(TARGET_NAME)";
				SWIFT_OBJC_BRIDGING_HEADER = "Skilled Acolyte/Skilled Acolyte-Bridging-Header.h";
				SWIFT_VERSION = 4.0;
				TARGETED_DEVICE_FAMILY = "1,2";
			};
			name = Release;
		};
		6550A1B0209726F400068551 /* Debug */ = {
			isa = XCBuildConfiguration;
			buildSettings = {
				ALWAYS_EMBED_SWIFT_STANDARD_LIBRARIES = YES;
				BUNDLE_LOADER = "$(TEST_HOST)";
				CODE_SIGN_STYLE = Automatic;
				DEVELOPMENT_TEAM = BU3JKZ42Q4;
				INFOPLIST_FILE = "Skilled AcolyteTests/Info.plist";
				LD_RUNPATH_SEARCH_PATHS = (
					"$(inherited)",
					"@executable_path/Frameworks",
					"@loader_path/Frameworks",
				);
				PRODUCT_BUNDLE_IDENTIFIER = "net.unihack.Skilled-AcolyteTests";
				PRODUCT_NAME = "$(TARGET_NAME)";
				SWIFT_VERSION = 4.0;
				TARGETED_DEVICE_FAMILY = "1,2";
				TEST_HOST = "$(BUILT_PRODUCTS_DIR)/Skilled Acolyte.app/Skilled Acolyte";
			};
			name = Debug;
		};
		6550A1B1209726F400068551 /* Release */ = {
			isa = XCBuildConfiguration;
			buildSettings = {
				ALWAYS_EMBED_SWIFT_STANDARD_LIBRARIES = YES;
				BUNDLE_LOADER = "$(TEST_HOST)";
				CODE_SIGN_STYLE = Automatic;
				DEVELOPMENT_TEAM = BU3JKZ42Q4;
				INFOPLIST_FILE = "Skilled AcolyteTests/Info.plist";
				LD_RUNPATH_SEARCH_PATHS = (
					"$(inherited)",
					"@executable_path/Frameworks",
					"@loader_path/Frameworks",
				);
				PRODUCT_BUNDLE_IDENTIFIER = "net.unihack.Skilled-AcolyteTests";
				PRODUCT_NAME = "$(TARGET_NAME)";
				SWIFT_VERSION = 4.0;
				TARGETED_DEVICE_FAMILY = "1,2";
				TEST_HOST = "$(BUILT_PRODUCTS_DIR)/Skilled Acolyte.app/Skilled Acolyte";
			};
			name = Release;
		};
/* End XCBuildConfiguration section */

/* Begin XCConfigurationList section */
		6550A18A209726F100068551 /* Build configuration list for PBXProject "Skilled Acolyte" */ = {
			isa = XCConfigurationList;
			buildConfigurations = (
				6550A1AA209726F400068551 /* Debug */,
				6550A1AB209726F400068551 /* Release */,
			);
			defaultConfigurationIsVisible = 0;
			defaultConfigurationName = Release;
		};
		6550A1AC209726F400068551 /* Build configuration list for PBXNativeTarget "Skilled Acolyte" */ = {
			isa = XCConfigurationList;
			buildConfigurations = (
				6550A1AD209726F400068551 /* Debug */,
				6550A1AE209726F400068551 /* Release */,
			);
			defaultConfigurationIsVisible = 0;
			defaultConfigurationName = Release;
		};
		6550A1AF209726F400068551 /* Build configuration list for PBXNativeTarget "Skilled AcolyteTests" */ = {
			isa = XCConfigurationList;
			buildConfigurations = (
				6550A1B0209726F400068551 /* Debug */,
				6550A1B1209726F400068551 /* Release */,
			);
			defaultConfigurationIsVisible = 0;
			defaultConfigurationName = Release;
		};
/* End XCConfigurationList section */
	};
	rootObject = 6550A187209726F100068551 /* Project object */;
}
